# THIS IS AN AUTOGENERATED FILE. DO NOT EDIT THIS FILE DIRECTLY.
# yarn lockfile v1


bootstrap-sass@^3.3.7:
  version "3.3.7"
  resolved "https://registry.yarnpkg.com/bootstrap-sass/-/bootstrap-sass-3.3.7.tgz#6596c7ab40f6637393323ab0bc80d064fc630498"

bourbon@^4.2.4:
  version "4.3.4"
  resolved "https://registry.yarnpkg.com/bourbon/-/bourbon-4.3.4.tgz#4da380029e92c0c8f9764c779451a134b11e7cc3"

jquery@3.2.1:
  version "3.2.1"
  resolved "https://registry.yarnpkg.com/jquery/-/jquery-3.2.1.tgz#5c4d9de652af6cd0a770154a631bba12b015c787"

susy@^2.2.9:
  version "2.2.12"
  resolved "https://registry.yarnpkg.com/susy/-/susy-2.2.12.tgz#644c2441ed00d293287e8d49a016dbf919215953"
